
Microsoft Visual Studio Solution File, Format Version 12.00
# Visual Studio 15
VisualStudioVersion = 15.0.28307.329
MinimumVisualStudioVersion = 10.0.40219.1
Project("{FAE04EC0-301F-11D3-BF4B-00C04F79EFBC}") = "UWPGenericsLibrary", "UWPGenericsLibrary\UWPGenericsLibrary.csproj", "{41453639-E10C-407F-869F-A3A2163C2096}"
EndProject
Global
	GlobalSection(SolutionConfigurationPlatforms) = preSolution
		Debug|Any CPU = Debug|Any CPU
		Debug|ARM = Debug|ARM
		Debug|ARM64 = Debug|ARM64
		Debug|x64 = Debug|x64
		Debug|x86 = Debug|x86
		Release|Any CPU = Release|Any CPU
		Release|ARM = Release|ARM
		Release|ARM64 = Release|ARM64
		Release|x64 = Release|x64
		Release|x86 = Release|x86
	EndGlobalSection
	GlobalSection(ProjectConfigurationPlatforms) = postSolution
		{41453639-E10C-407F-869F-A3A2163C2096}.Debug|Any CPU.ActiveCfg = Debug|Any CPU
		{41453639-E10C-407F-869F-A3A2163C2096}.Debug|Any CPU.Build.0 = Debug|Any CPU
		{41453639-E10C-407F-869F-A3A2163C2096}.Debug|ARM.ActiveCfg = Debug|ARM
		{41453639-E10C-407F-869F-A3A2163C2096}.Debug|ARM.Build.0 = Debug|ARM
		{41453639-E10C-407F-869F-A3A2163C2096}.Debug|ARM64.ActiveCfg = Debug|ARM64
		{41453639-E10C-407F-869F-A3A2163C2096}.Debug|ARM64.Build.0 = Debug|ARM64
		{41453639-E10C-407F-869F-A3A2163C2096}.Debug|x64.ActiveCfg = Debug|x64
		{41453639-E10C-407F-869F-A3A2163C2096}.Debug|x64.Build.0 = Debug|x64
		{41453639-E10C-407F-869F-A3A2163C2096}.Debug|x86.ActiveCfg = Debug|x86
		{41453639-E10C-407F-869F-A3A2163C2096}.Debug|x86.Build.0 = Debug|x86
		{41453639-E10C-407F-869F-A3A2163C2096}.Release|Any CPU.ActiveCfg = Release|Any CPU
		{41453639-E10C-407F-869F-A3A2163C2096}.Release|Any CPU.Build.0 = Release|Any CPU
		{41453639-E10C-407F-869F-A3A2163C2096}.Release|ARM.ActiveCfg = Release|ARM
		{41453639-E10C-407F-869F-A3A2163C2096}.Release|ARM.Build.0 = Release|ARM
		{41453639-E10C-407F-869F-A3A2163C2096}.Release|ARM64.ActiveCfg = Release|ARM64
		{41453639-E10C-407F-869F-A3A2163C2096}.Release|ARM64.Build.0 = Release|ARM64
		{41453639-E10C-407F-869F-A3A2163C2096}.Release|x64.ActiveCfg = Release|x64
		{41453639-E10C-407F-869F-A3A2163C2096}.Release|x64.Build.0 = Release|x64
		{41453639-E10C-407F-869F-A3A2163C2096}.Release|x86.ActiveCfg = Release|x86
		{41453639-E10C-407F-869F-A3A2163C2096}.Release|x86.Build.0 = Release|x86
	EndGlobalSection
	GlobalSection(SolutionProperties) = preSolution
		HideSolutionNode = FALSE
	EndGlobalSection
	GlobalSection(ExtensibilityGlobals) = postSolution
		SolutionGuid = {9519667F-0BBE-47A1-B887-CE7364FA5B2F}
	EndGlobalSection
EndGlobal
